PODS:
  - Flutter (1.0.0)
  - flutter_voip_push_notification (0.0.1):
    - Flutter

DEPENDENCIES:
  - Flutter (from `Flutter`)
  - flutter_voip_push_notification (from `.symlinks/plugins/flutter_voip_push_notification/ios`)

EXTERNAL SOURCES:
  Flutter:
    :path: Flutter
  flutter_voip_push_notification:
    :path: ".symlinks/plugins/flutter_voip_push_notification/ios"

SPEC CHECKSUMS:
  Flutter: 50d75fe2f02b26cc09d224853bb45737f8b3214a
  flutter_voip_push_notification: 9ded2774192a23c7c410ea6113772fb48a4a600f

PODFILE CHECKSUM: a9110268f65854a645e716021b0a5fe046453cf3

COCOAPODS: 1.11.3
